
Microsoft Visual Studio Solution File, Format Version 10.00
# Visual Studio 2008
Project("{FAE04EC0-301F-11D3-BF4B-00C04F79EFBC}") = "OneTimeAtGiveCamp", "OneTimeAtGiveCamp\OneTimeAtGiveCamp.csproj", "{6532BBFE-F797-40D2-BA7E-6944D2760174}"
EndProject
Project("{FAE04EC0-301F-11D3-BF4B-00C04F79EFBC}") = "OneTimeAtGiveCamp.UnitTests", "OneTimeAtGiveCamp.UnitTests\OneTimeAtGiveCamp.UnitTests.csproj", "{7953110D-8DC2-47A1-BEF1-F81A5104F2F8}"
EndProject
Global
	GlobalSection(SolutionConfigurationPlatforms) = preSolution
		Debug|Any CPU = Debug|Any CPU
		Release|Any CPU = Release|Any CPU
	EndGlobalSection
	GlobalSection(ProjectConfigurationPlatforms) = postSolution
		{6532BBFE-F797-40D2-BA7E-6944D2760174}.Debug|Any CPU.ActiveCfg = Debug|Any CPU
		{6532BBFE-F797-40D2-BA7E-6944D2760174}.Debug|Any CPU.Build.0 = Debug|Any CPU
		{6532BBFE-F797-40D2-BA7E-6944D2760174}.Release|Any CPU.ActiveCfg = Release|Any CPU
		{6532BBFE-F797-40D2-BA7E-6944D2760174}.Release|Any CPU.Build.0 = Release|Any CPU
		{7953110D-8DC2-47A1-BEF1-F81A5104F2F8}.Debug|Any CPU.ActiveCfg = Debug|Any CPU
		{7953110D-8DC2-47A1-BEF1-F81A5104F2F8}.Debug|Any CPU.Build.0 = Debug|Any CPU
		{7953110D-8DC2-47A1-BEF1-F81A5104F2F8}.Release|Any CPU.ActiveCfg = Release|Any CPU
		{7953110D-8DC2-47A1-BEF1-F81A5104F2F8}.Release|Any CPU.Build.0 = Release|Any CPU
	EndGlobalSection
	GlobalSection(SolutionProperties) = preSolution
		HideSolutionNode = FALSE
	EndGlobalSection
EndGlobal
